
Microsoft Visual Studio Solution File, Format Version 11.00
# Visual Studio 2010
Project("{FAE04EC0-301F-11D3-BF4B-00C04F79EFBC}") = "MSDN_TeclasForm", "MSDN_TeclasForm\MSDN_TeclasForm.csproj", "{F2C2F242-7D48-4115-88D9-18B26FAC1FEE}"
EndProject
Global
	GlobalSection(SolutionConfigurationPlatforms) = preSolution
		Debug|Any CPU = Debug|Any CPU
		Release|Any CPU = Release|Any CPU
	EndGlobalSection
	GlobalSection(ProjectConfigurationPlatforms) = postSolution
		{F2C2F242-7D48-4115-88D9-18B26FAC1FEE}.Debug|Any CPU.ActiveCfg = Debug|Any CPU
		{F2C2F242-7D48-4115-88D9-18B26FAC1FEE}.Debug|Any CPU.Build.0 = Debug|Any CPU
		{F2C2F242-7D48-4115-88D9-18B26FAC1FEE}.Release|Any CPU.ActiveCfg = Release|Any CPU
		{F2C2F242-7D48-4115-88D9-18B26FAC1FEE}.Release|Any CPU.Build.0 = Release|Any CPU
	EndGlobalSection
	GlobalSection(SolutionProperties) = preSolution
		HideSolutionNode = FALSE
	EndGlobalSection
EndGlobal
